Microsoft Visual Studio Solution File, Format Version 12.00
# Visual Studio Version 17
VisualStudioVersion = 17.0.31903.59
MinimumVisualStudioVersion = 10.0.40219.1
Project("{FAE04EC0-E301-11D3-BF4B-00C04F79EFBC}") = "ProjectManagementCompiler", "src\ProjectManagementCompiler\ProjectManagementCompiler.csproj", "{8F3A4D96-6A1D-4E5D-9B91-7F2C8E3B7D10}"
EndProject
Project("{FAE04EC0-E301-11D3-BF4B-00C04F79EFBC}") = "ProjectManagementCompiler.Tests", "tests\ProjectManagementCompiler.Tests\ProjectManagementCompiler.Tests.csproj", "{C5A2E7B4-9D36-4F81-A0C2-6E4B8D1F3A27}"
EndProject
Global
	GlobalSection(SolutionConfigurationPlatforms) = preSolution
		Debug|Any CPU = Debug|Any CPU
		Release|Any CPU = Release|Any CPU
	EndGlobalSection
	GlobalSection(ProjectConfigurationPlatforms) = postSolution
		{8F3A4D96-6A1D-4E5D-9B91-7F2C8E3B7D10}.Debug|Any CPU.ActiveCfg = Debug|Any CPU
		{8F3A4D96-6A1D-4E5D-9B91-7F2C8E3B7D10}.Debug|Any CPU.Build.0 = Debug|Any CPU
		{8F3A4D96-6A1D-4E5D-9B91-7F2C8E3B7D10}.Release|Any CPU.ActiveCfg = Release|Any CPU
		{8F3A4D96-6A1D-4E5D-9B91-7F2C8E3B7D10}.Release|Any CPU.Build.0 = Release|Any CPU
		{C5A2E7B4-9D36-4F81-A0C2-6E4B8D1F3A27}.Debug|Any CPU.ActiveCfg = Debug|Any CPU
		{C5A2E7B4-9D36-4F81-A0C2-6E4B8D1F3A27}.Debug|Any CPU.Build.0 = Debug|Any CPU
		{C5A2E7B4-9D36-4F81-A0C2-6E4B8D1F3A27}.Release|Any CPU.ActiveCfg = Release|Any CPU
		{C5A2E7B4-9D36-4F81-A0C2-6E4B8D1F3A27}.Release|Any CPU.Build.0 = Release|Any CPU
	EndGlobalSection
	GlobalSection(SolutionProperties) = preSolution
		HideSolutionNode = FALSE
	EndGlobalSection
EndGlobal
